{
  "version": 4,
  "terraform_version": "1.7.0",
  "serial": 11,
  "lineage": "c9c897d6-0888-c389-02d4-bc4e600a930d",
  "outputs": {
    "ami-name": {
      "value": "RHEL-7.9_HVM-*",
      "type": "string"
    },
    "autoscaling_group": {
      "value": [
        {
          "arn": "arn:aws:autoscaling:eu-west-2:836052629367:autoScalingGroup:724021f2-8b52-4c1b-bcf7-6901d902f167:autoScalingGroupName/dev-redhat-rhel610",
          "availability_zones": [
            "eu-west-2a"
          ],
          "capacity_rebalance": false,
          "context": "",
          "default_cooldown": 300,
          "default_instance_warmup": 0,
          "desired_capacity": 0,
          "desired_capacity_type": "",
          "enabled_metrics": null,
          "force_delete": false,
          "force_delete_warm_pool": false,
          "health_check_grace_period": 300,
          "health_check_type": "EC2",
          "id": "dev-redhat-rhel610",
          "ignore_failed_scaling_activities": false,
          "initial_lifecycle_hook": [],
          "instance_maintenance_policy": [],
          "instance_refresh": [],
          "launch_configuration": "",
          "launch_template": [
            {
              "id": "lt-0973f49e76f56cc14",
              "name": "dev-redhat-rhel610",
              "version": "$Default"
            }
          ],
          "load_balancers": [],
          "max_instance_lifetime": 0,
          "max_size": 2,
          "metrics_granularity": "1Minute",
          "min_elb_capacity": null,
          "min_size": 0,
          "mixed_instances_policy": [],
          "name": "dev-redhat-rhel610",
          "name_prefix": "",
          "placement_group": "",
          "predicted_capacity": 0,
          "protect_from_scale_in": false,
          "service_linked_role_arn": "arn:aws:iam::836052629367:role/aws-service-role/autoscaling.amazonaws.com/AWSServiceRoleForAutoScaling",
          "suspended_processes": null,
          "tag": [
            {
              "key": "Name",
              "propagate_at_launch": true,
              "value": "dev-redhat-rhel610"
            },
            {
              "key": "component",
              "propagate_at_launch": true,
              "value": "test"
            },
            {
              "key": "description",
              "propagate_at_launch": true,
              "value": "For testing official RedHat RHEL6.10 image"
            },
            {
              "key": "monitored",
              "propagate_at_launch": true,
              "value": "false"
            },
            {
              "key": "os-type",
              "propagate_at_launch": true,
              "value": "Linux"
            },
            {
              "key": "server-name",
              "propagate_at_launch": true,
              "value": "dev-redhat-rhel610"
            },
            {
              "key": "ssm-parameters-prefix",
              "propagate_at_launch": true,
              "value": "test/"
            }
          ],
          "target_group_arns": [],
          "termination_policies": null,
          "timeouts": null,
          "traffic_source": [],
          "vpc_zone_identifier": [
            "subnet-0e2a4d5f4b346c981"
          ],
          "wait_for_capacity_timeout": "10m",
          "wait_for_elb_capacity": null,
          "warm_pool": [],
          "warm_pool_size": 0
        }
      ],
      "type": [
        "tuple",
        [
          [
            "object",
            {
              "arn": "string",
              "availability_zones": [
                "set",
                "string"
              ],
              "capacity_rebalance": "bool",
              "context": "string",
              "default_cooldown": "number",
              "default_instance_warmup": "number",
              "desired_capacity": "number",
              "desired_capacity_type": "string",
              "enabled_metrics": [
                "set",
                "string"
              ],
              "force_delete": "bool",
              "force_delete_warm_pool": "bool",
              "health_check_grace_period": "number",
              "health_check_type": "string",
              "id": "string",
              "ignore_failed_scaling_activities": "bool",
              "initial_lifecycle_hook": [
                "set",
                [
                  "object",
                  {
                    "default_result": "string",
                    "heartbeat_timeout": "number",
                    "lifecycle_transition": "string",
                    "name": "string",
                    "notification_metadata": "string",
                    "notification_target_arn": "string",
                    "role_arn": "string"
                  }
                ]
              ],
              "instance_maintenance_policy": [
                "list",
                [
                  "object",
                  {
                    "max_healthy_percentage": "number",
                    "min_healthy_percentage": "number"
                  }
                ]
              ],
              "instance_refresh": [
                "list",
                [
                  "object",
                  {
                    "preferences": [
                      "list",
                      [
                        "object",
                        {
                          "alarm_specification": [
                            "list",
                            [
                              "object",
                              {
                                "alarms": [
                                  "list",
                                  "string"
                                ]
                              }
                            ]
                          ],
                          "auto_rollback": "bool",
                          "checkpoint_delay": "string",
                          "checkpoint_percentages": [
                            "list",
                            "number"
                          ],
                          "instance_warmup": "string",
                          "max_healthy_percentage": "number",
                          "min_healthy_percentage": "number",
                          "scale_in_protected_instances": "string",
                          "skip_matching": "bool",
                          "standby_instances": "string"
                        }
                      ]
                    ],
                    "strategy": "string",
                    "triggers": [
                      "set",
                      "string"
                    ]
                  }
                ]
              ],
              "launch_configuration": "string",
              "launch_template": [
                "list",
                [
                  "object",
                  {
                    "id": "string",
                    "name": "string",
                    "version": "string"
                  }
                ]
              ],
              "load_balancers": [
                "set",
                "string"
              ],
              "max_instance_lifetime": "number",
              "max_size": "number",
              "metrics_granularity": "string",
              "min_elb_capacity": "number",
              "min_size": "number",
              "mixed_instances_policy": [
                "list",
                [
                  "object",
                  {
                    "instances_distribution": [
                      "list",
                      [
                        "object",
                        {
                          "on_demand_allocation_strategy": "string",
                          "on_demand_base_capacity": "number",
                          "on_demand_percentage_above_base_capacity": "number",
                          "spot_allocation_strategy": "string",
                          "spot_instance_pools": "number",
                          "spot_max_price": "string"
                        }
                      ]
                    ],
                    "launch_template": [
                      "list",
                      [
                        "object",
                        {
                          "launch_template_specification": [
                            "list",
                            [
                              "object",
                              {
                                "launch_template_id": "string",
                                "launch_template_name": "string",
                                "version": "string"
                              }
                            ]
                          ],
                          "override": [
                            "list",
                            [
                              "object",
                              {
                                "instance_requirements": [
                                  "list",
                                  [
                                    "object",
                                    {
                                      "accelerator_count": [
                                        "list",
                                        [
                                          "object",
                                          {
                                            "max": "number",
                                            "min": "number"
                                          }
                                        ]
                                      ],
                                      "accelerator_manufacturers": [
                                        "set",
                                        "string"
                                      ],
                                      "accelerator_names": [
                                        "set",
                                        "string"
                                      ],
                                      "accelerator_total_memory_mib": [
                                        "list",
                                        [
                                          "object",
                                          {
                                            "max": "number",
                                            "min": "number"
                                          }
                                        ]
                                      ],
                                      "accelerator_types": [
                                        "set",
                                        "string"
                                      ],
                                      "allowed_instance_types": [
                                        "set",
                                        "string"
                                      ],
                                      "bare_metal": "string",
                                      "baseline_ebs_bandwidth_mbps": [
                                        "list",
                                        [
                                          "object",
                                          {
                                            "max": "number",
                                            "min": "number"
                                          }
                                        ]
                                      ],
                                      "burstable_performance": "string",
                                      "cpu_manufacturers": [
                                        "set",
                                        "string"
                                      ],
                                      "excluded_instance_types": [
                                        "set",
                                        "string"
                                      ],
                                      "instance_generations": [
                                        "set",
                                        "string"
                                      ],
                                      "local_storage": "string",
                                      "local_storage_types": [
                                        "set",
                                        "string"
                                      ],
                                      "memory_gib_per_vcpu": [
                                        "list",
                                        [
                                          "object",
                                          {
                                            "max": "number",
                                            "min": "number"
                                          }
                                        ]
                                      ],
                                      "memory_mib": [
                                        "list",
                                        [
                                          "object",
                                          {
                                            "max": "number",
                                            "min": "number"
                                          }
                                        ]
                                      ],
                                      "network_bandwidth_gbps": [
                                        "list",
                                        [
                                          "object",
                                          {
                                            "max": "number",
                                            "min": "number"
                                          }
                                        ]
                                      ],
                                      "network_interface_count": [
                                        "list",
                                        [
                                          "object",
                                          {
                                            "max": "number",
                                            "min": "number"
                                          }
                                        ]
                                      ],
                                      "on_demand_max_price_percentage_over_lowest_price": "number",
                                      "require_hibernate_support": "bool",
                                      "spot_max_price_percentage_over_lowest_price": "number",
                                      "total_local_storage_gb": [
                                        "list",
                                        [
                                          "object",
                                          {
                                            "max": "number",
                                            "min": "number"
                                          }
                                        ]
                                      ],
                                      "vcpu_count": [
                                        "list",
                                        [
                                          "object",
                                          {
                                            "max": "number",
                                            "min": "number"
                                          }
                                        ]
                                      ]
                                    }
                                  ]
                                ],
                                "instance_type": "string",
                                "launch_template_specification": [
                                  "list",
                                  [
                                    "object",
                                    {
                                      "launch_template_id": "string",
                                      "launch_template_name": "string",
                                      "version": "string"
                                    }
                                  ]
                                ],
                                "weighted_capacity": "string"
                              }
                            ]
                          ]
                        }
                      ]
                    ]
                  }
                ]
              ],
              "name": "string",
              "name_prefix": "string",
              "placement_group": "string",
              "predicted_capacity": "number",
              "protect_from_scale_in": "bool",
              "service_linked_role_arn": "string",
              "suspended_processes": [
                "set",
                "string"
              ],
              "tag": [
                "set",
                [
                  "object",
                  {
                    "key": "string",
                    "propagate_at_launch": "bool",
                    "value": "string"
                  }
                ]
              ],
              "target_group_arns": [
                "set",
                "string"
              ],
              "termination_policies": [
                "list",
                "string"
              ],
              "timeouts": [
                "object",
                {
                  "delete": "string",
                  "update": "string"
                }
              ],
              "traffic_source": [
                "set",
                [
                  "object",
                  {
                    "identifier": "string",
                    "type": "string"
                  }
                ]
              ],
              "vpc_zone_identifier": [
                "set",
                "string"
              ],
              "wait_for_capacity_timeout": "string",
              "wait_for_elb_capacity": "number",
              "warm_pool": [
                "list",
                [
                  "object",
                  {
                    "instance_reuse_policy": [
                      "list",
                      [
                        "object",
                        {
                          "reuse_on_scale_in": "bool"
                        }
                      ]
                    ],
                    "max_group_prepared_capacity": "number",
                    "min_size": "number",
                    "pool_state": "string"
                  }
                ]
              ],
              "warm_pool_size": "number"
            }
          ]
        ]
      ]
    },
    "autoscaling_group_name": {
      "value": "dev-redhat-rhel610",
      "type": "string"
    },
    "iam-policy": {
      "value": "arn:aws:iam::836052629367:policy/ec2-test-common-policy",
      "type": "string"
    },
    "key-pair": {
      "value": "arn:aws:ec2:eu-west-2:836052629367:key-pair/ec2-terratest-user",
      "type": "string"
    },
    "kms-key": {
      "value": "arn:aws:iam::836052629367:policy/ec2-test-common-policy",
      "type": "string"
    },
    "lb_target_groups": {
      "value": [
        {}
      ],
      "type": [
        "tuple",
        [
          [
            "object",
            {}
          ]
        ]
      ]
    },
    "securtiy-group-id": {
      "value": "arn:aws:ec2:eu-west-2:836052629367:security-group/sg-0603cbdc9e3e9558a",
      "type": "string"
    }
  },
  "resources": [
    {
      "mode": "data",
      "type": "aws_iam_policy_document",
      "name": "ec2_test_common_combined",
      "provider": "provider[\"registry.terraform.io/hashicorp/aws\"]",
      "instances": [
        {
          "schema_version": 0,
          "attributes": {
            "id": "791767504",
            "json": "{\n  \"Version\": \"2012-10-17\",\n  \"Statement\": [\n    {\n      \"Sid\": \"CustomEc2Policy\",\n      \"Effect\": \"Allow\",\n      \"Action\": \"ec2:*\",\n      \"Resource\": \"*\"\n    }\n  ]\n}",
            "override_json": null,
            "override_policy_documents": null,
            "policy_id": null,
            "source_json": null,
            "source_policy_documents": [
              "{\n  \"Version\": \"2012-10-17\",\n  \"Statement\": [\n    {\n      \"Sid\": \"CustomEc2Policy\",\n      \"Effect\": \"Allow\",\n      \"Action\": \"ec2:*\",\n      \"Resource\": \"*\"\n    }\n  ]\n}"
            ],
            "statement": null,
            "version": "2012-10-17"
          },
          "sensitive_attributes": []
        }
      ]
    },
    {
      "mode": "data",
      "type": "aws_iam_policy_document",
      "name": "ec2_test_policy",
      "provider": "provider[\"registry.terraform.io/hashicorp/aws\"]",
      "instances": [
        {
          "schema_version": 0,
          "attributes": {
            "id": "791767504",
            "json": "{\n  \"Version\": \"2012-10-17\",\n  \"Statement\": [\n    {\n      \"Sid\": \"CustomEc2Policy\",\n      \"Effect\": \"Allow\",\n      \"Action\": \"ec2:*\",\n      \"Resource\": \"*\"\n    }\n  ]\n}",
            "override_json": null,
            "override_policy_documents": null,
            "policy_id": null,
            "source_json": null,
            "source_policy_documents": null,
            "statement": [
              {
                "actions": [
                  "ec2:*"
                ],
                "condition": [],
                "effect": "Allow",
                "not_actions": [],
                "not_principals": [],
                "not_resources": [],
                "principals": [],
                "resources": [
                  "*"
                ],
                "sid": "CustomEc2Policy"
              }
            ],
            "version": "2012-10-17"
          },
          "sensitive_attributes": []
        }
      ]
    },
    {
      "mode": "data",
      "type": "aws_kms_key",
      "name": "default_ebs",
      "provider": "provider[\"registry.terraform.io/hashicorp/aws\"]",
      "instances": [
        {
          "schema_version": 0,
          "attributes": {
            "arn": "arn:aws:kms:eu-west-2:836052629367:key/4455559a-fbab-42bc-8fcd-8d84338d3323",
            "aws_account_id": "836052629367",
            "cloud_hsm_cluster_id": "",
            "creation_date": "2022-06-14T15:18:52Z",
            "custom_key_store_id": "",
            "customer_master_key_spec": "SYMMETRIC_DEFAULT",
            "deletion_date": null,
            "description": "Default key that protects my EBS volumes when no other key is defined",
            "enabled": true,
            "expiration_model": "",
            "grant_tokens": null,
            "id": "4455559a-fbab-42bc-8fcd-8d84338d3323",
            "key_id": "alias/aws/ebs",
            "key_manager": "AWS",
            "key_spec": "SYMMETRIC_DEFAULT",
            "key_state": "Enabled",
            "key_usage": "ENCRYPT_DECRYPT",
            "multi_region": false,
            "multi_region_configuration": [],
            "origin": "AWS_KMS",
            "pending_deletion_window_in_days": 0,
            "valid_to": null,
            "xks_key_configuration": []
          },
          "sensitive_attributes": []
        }
      ]
    },
    {
      "mode": "data",
      "type": "aws_organizations_organization",
      "name": "root_account",
      "provider": "provider[\"registry.terraform.io/hashicorp/aws\"]",
      "instances": [
        {
          "schema_version": 0,
          "attributes": {
            "accounts": null,
            "arn": "arn:aws:organizations::295814833350:organization/o-b2fpbzyd95",
            "aws_service_access_principals": [],
            "enabled_policy_types": [],
            "feature_set": "ALL",
            "id": "o-b2fpbzyd95",
            "master_account_arn": "arn:aws:organizations::295814833350:account/o-b2fpbzyd95/295814833350",
            "master_account_email": "aws+master@digital.justice.gov.uk",
            "master_account_id": "295814833350",
            "master_account_name": "",
            "non_master_accounts": null,
            "roots": null
          },
          "sensitive_attributes": []
        }
      ]
    },
    {
      "mode": "data",
      "type": "aws_secretsmanager_secret",
      "name": "environment_management",
      "provider": "provider[\"registry.terraform.io/hashicorp/aws\"].testing-ci-user",
      "instances": [
        {
          "schema_version": 0,
          "attributes": {
            "arn": "arn:aws:secretsmanager:eu-west-2:946070829339:secret:environment_management-BLRCDb",
            "created_date": "2020-09-29T15:49:12Z",
            "description": "IDs for AWS-specific resources for environment management, such as organizational unit IDs",
            "id": "arn:aws:secretsmanager:eu-west-2:946070829339:secret:environment_management-BLRCDb",
            "kms_key_id": "3a3a75ec-8d13-4e37-9667-b0face89551b",
            "last_changed_date": "2024-04-30T09:39:57Z",
            "name": "environment_management",
            "policy": "{\"Statement\":[{\"Action\":[\"secretsmanager:GetSecretValue\",\"secretsmanager:GetResourcePolicy\",\"secretsmanager:DescribeSecret\"],\"Condition\":{\"ForAnyValue:StringLike\":{\"aws:PrincipalOrgPaths\":\"o-b2fpbzyd95/*/ou-j1kx-qxsrh1gv/*\"}},\"Effect\":\"Allow\",\"Principal\":{\"AWS\":\"*\"},\"Resource\":\"*\",\"Sid\":\"ReadOnlyFromModernisationPlatformOU\"}],\"Version\":\"2012-10-17\"}",
            "tags": {
              "application": "Modernisation Platform: Environments Management",
              "business-unit": "Platforms",
              "is-production": "true",
              "owner": "Modernisation Platform: modernisation-platform@digital.justice.gov.uk"
            }
          },
          "sensitive_attributes": [
            [
              {
                "type": "get_attr",
                "value": "arn"
              }
            ]
          ]
        }
      ]
    },
    {
      "mode": "data",
      "type": "aws_secretsmanager_secret_version",
      "name": "environment_management",
      "provider": "provider[\"registry.terraform.io/hashicorp/aws\"].testing-ci-user",
      "instances": [
        {
          "schema_version": 0,
          "attributes": {
            "arn": "arn:aws:secretsmanager:eu-west-2:946070829339:secret:environment_management-BLRCDb",
            "created_date": "2024-04-30T09:39:57Z",
            "id": "arn:aws:secretsmanager:eu-west-2:946070829339:secret:environment_management-BLRCDb|AWSCURRENT",
            "secret_binary": "",
            "secret_id": "arn:aws:secretsmanager:eu-west-2:946070829339:secret:environment_management-BLRCDb",
            "secret_string": "{\"account_ids\":{\"analytical-platform-compute-development\":\"381491960855\",\"analytical-platform-compute-production\":\"992382429243\",\"analytical-platform-compute-test\":\"767397661611\",\"analytical-platform-data-development\":\"803963757240\",\"analytical-platform-data-engineering-production\":\"189157455002\",\"analytical-platform-data-engineering-sandboxa\":\"684969100054\",\"analytical-platform-data-production\":\"593291632749\",\"analytical-platform-development\":\"525294151996\",\"analytical-platform-ingestion-development\":\"730335344807\",\"analytical-platform-ingestion-production\":\"471112983409\",\"analytical-platform-landing-production\":\"335823981503\",\"analytical-platform-management-production\":\"042130406152\",\"analytical-platform-production\":\"312423030077\",\"apex-development\":\"573115265413\",\"apex-preproduction\":\"167885717661\",\"apex-production\":\"485410571589\",\"apex-test\":\"763471180338\",\"bichard7-sandbox-a\":\"454061736096\",\"bichard7-sandbox-b\":\"108839434327\",\"bichard7-sandbox-c\":\"744728743481\",\"bichard7-sandbox-shared\":\"258361008057\",\"bichard7-shared\":\"497078235711\",\"bichard7-test-current\":\"439237763202\",\"bichard7-test-next\":\"581823340673\",\"ccms-ebs-development\":\"767123802783\",\"ccms-ebs-preproduction\":\"916521471442\",\"ccms-ebs-production\":\"285499101317\",\"ccms-ebs-test\":\"249362002469\",\"ccms-ebs-upgrade-development\":\"295992623913\",\"ccms-ebs-upgrade-test\":\"730335523459\",\"cdpt-chaps-development\":\"513884314856\",\"cdpt-chaps-preproduction\":\"631213771998\",\"cdpt-chaps-production\":\"653875321404\",\"cdpt-ifs-development\":\"224131490563\",\"cdpt-ifs-preproduction\":\"425030398367\",\"cdpt-ifs-production\":\"887445309397\",\"cica-copilot-development\":\"321388111150\",\"cica-data-extraction-development\":\"891377083667\",\"contract-work-administration-development\":\"381492101152\",\"contract-work-administration-preproduction\":\"992382556821\",\"contract-work-administration-production\":\"891377352109\",\"contract-work-administration-test\":\"767398105171\",\"cooker-development\":\"236861075084\",\"core-logging-production\":\"624384546187\",\"core-network-services-production\":\"505974653433\",\"core-sandbox-dev\":\"763252494486\",\"core-security-production\":\"744927879746\",\"core-shared-services-production\":\"374269020027\",\"core-vpc-development\":\"991589384446\",\"core-vpc-preproduction\":\"453136268281\",\"core-vpc-production\":\"278663825216\",\"core-vpc-sandbox\":\"267053793615\",\"core-vpc-test\":\"794399914478\",\"corporate-staff-rostering-development\":\"984329015469\",\"corporate-staff-rostering-preproduction\":\"754260907303\",\"corporate-staff-rostering-production\":\"221841889672\",\"corporate-staff-rostering-test\":\"950286732765\",\"dacp-development\":\"971346829878\",\"dacp-preproduction\":\"621717477303\",\"dacp-production\":\"500540837707\",\"data-and-insights-wepi-development\":\"289153439536\",\"data-and-insights-wepi-preproduction\":\"189100541811\",\"data-and-insights-wepi-production\":\"866445910544\",\"data-platform-apps-and-tools-development\":\"335889174965\",\"data-platform-apps-and-tools-production\":\"096705367497\",\"data-platform-compute-development\":\"010629933929\",\"data-platform-compute-production\":\"936294999754\",\"data-platform-development\":\"013433889002\",\"data-platform-preproduction\":\"386657846332\",\"data-platform-production\":\"209019631331\",\"data-platform-test\":\"259787491607\",\"delius-core-development\":\"326912278139\",\"delius-core-test\":\"673591086753\",\"delius-iaps-development\":\"744472264485\",\"delius-iaps-preproduction\":\"247467087019\",\"delius-iaps-production\":\"936195311149\",\"delius-jitbit-development\":\"142262177450\",\"delius-jitbit-preproduction\":\"943549848545\",\"delius-jitbit-production\":\"030357575975\",\"delius-jitbit-test\":\"374375479725\",\"delius-mis-development\":\"891377175249\",\"delius-mis-preproduction\":\"471112751565\",\"delius-mis-production\":\"590183722357\",\"delius-mis-test\":\"381492116631\",\"delius-nextcloud-development\":\"730335481788\",\"delius-nextcloud-preproduction\":\"637423206978\",\"delius-nextcloud-production\":\"905418244634\",\"delius-nextcloud-test\":\"637423185119\",\"digital-prison-reporting-development\":\"771283872747\",\"digital-prison-reporting-preproduction\":\"972272129531\",\"digital-prison-reporting-production\":\"004723187462\",\"digital-prison-reporting-test\":\"203591025782\",\"edw-development\":\"211125731383\",\"edw-preproduction\":\"590184068655\",\"edw-production\":\"654654289228\",\"edw-test\":\"339713144204\",\"electronic-monitoring-data-development\":\"800964199911\",\"electronic-monitoring-data-production\":\"976799291502\",\"equip-development\":\"608897814635\",\"equip-production\":\"647473535058\",\"eric-production\":\"588871925111\",\"eric-test\":\"285550827920\",\"example-development\":\"083957762049\",\"hmpps-domain-services-development\":\"139351334100\",\"hmpps-domain-services-preproduction\":\"228371063224\",\"hmpps-domain-services-production\":\"905761223702\",\"hmpps-domain-services-test\":\"161282055413\",\"hmpps-intelligence-management-development\":\"720459241262\",\"hmpps-intelligence-management-production\":\"198773633726\",\"hmpps-oem-development\":\"142645754276\",\"hmpps-oem-preproduction\":\"128485831926\",\"hmpps-oem-production\":\"411333525523\",\"hmpps-oem-test\":\"775245656481\",\"laa-ccms-infra-azure-ad-sso-development\":\"636100868237\",\"laa-oem-development\":\"957302878571\",\"laa-oem-preproduction\":\"937685963760\",\"laa-oem-production\":\"187373622398\",\"laa-oem-test\":\"552461967032\",\"long-term-storage-production\":\"421101632357\",\"maat-development\":\"580202064026\",\"maat-preproduction\":\"683570711159\",\"maat-production\":\"382546929470\",\"maat-test\":\"608611873248\",\"maatdb-development\":\"110341342196\",\"mi-platform-development\":\"967617145656\",\"mlra-development\":\"890609150221\",\"mlra-preproduction\":\"326671778942\",\"mlra-production\":\"222700158270\",\"mlra-test\":\"965215663362\",\"moj-network-operations-centre-preproduction\":\"724777394818\",\"moj-network-operations-centre-production\":\"208632142291\",\"mojfin-development\":\"337528781544\",\"mojfin-production\":\"953588221975\",\"mojfin-test\":\"363494522708\",\"ncas-development\":\"734966114400\",\"ncas-preproduction\":\"399776819968\",\"ncas-production\":\"077274413728\",\"nomis-combined-reporting-development\":\"109202698306\",\"nomis-combined-reporting-preproduction\":\"584696259367\",\"nomis-combined-reporting-production\":\"096098619724\",\"nomis-combined-reporting-test\":\"063212099033\",\"nomis-data-hub-development\":\"128054624476\",\"nomis-data-hub-preproduction\":\"998060512091\",\"nomis-data-hub-production\":\"896839021283\",\"nomis-data-hub-test\":\"144961511423\",\"nomis-development\":\"327850556621\",\"nomis-preproduction\":\"145445613877\",\"nomis-production\":\"272983201692\",\"nomis-test\":\"612659970365\",\"oas-development\":\"711138931639\",\"oas-preproduction\":\"252815677567\",\"oas-production\":\"183243495315\",\"oas-test\":\"500816998080\",\"oasys-development\":\"003430027717\",\"oasys-national-reporting-development\":\"590183832477\",\"oasys-national-reporting-preproduction\":\"851725495286\",\"oasys-national-reporting-production\":\"339713007864\",\"oasys-national-reporting-test\":\"590184072468\",\"oasys-preproduction\":\"450842467489\",\"oasys-production\":\"006231045038\",\"oasys-test\":\"546088120047\",\"observability-platform-development\":\"915524366300\",\"observability-platform-production\":\"319748487814\",\"operations-engineering-development\":\"211125434264\",\"opg-lpa-data-store-development\":\"493907465011\",\"performance-hub-development\":\"938841708445\",\"performance-hub-preproduction\":\"322518575883\",\"performance-hub-production\":\"143664002102\",\"planetfm-development\":\"326533041175\",\"planetfm-preproduction\":\"180609874479\",\"planetfm-production\":\"863036003053\",\"planetfm-test\":\"916099804813\",\"portal-development\":\"051234116874\",\"portal-preproduction\":\"716243088186\",\"portal-production\":\"865680895662\",\"portal-test\":\"530145168675\",\"ppud-development\":\"075585660276\",\"ppud-preproduction\":\"172753231260\",\"ppud-production\":\"817985104434\",\"pra-register-development\":\"704585569527\",\"pra-register-preproduction\":\"571270819804\",\"pra-register-production\":\"303170019013\",\"refer-monitor-development\":\"534609872573\",\"sprinkler-development\":\"348456244381\",\"tariff-development\":\"566373822119\",\"testing-test\":\"836052629367\",\"tipstaff-development\":\"913862848426\",\"tipstaff-preproduction\":\"842764906196\",\"tipstaff-production\":\"017977998587\",\"tribunals-development\":\"263310006819\",\"tribunals-preproduction\":\"821197214903\",\"tribunals-production\":\"259340111150\",\"wardship-development\":\"287639050124\",\"wardship-preproduction\":\"600508686860\",\"wardship-production\":\"077344000950\",\"xhibit-portal-development\":\"276038508461\",\"xhibit-portal-preproduction\":\"257452857869\",\"xhibit-portal-production\":\"674345106521\"},\"aws_organizations_root_account_id\":\"295814833350\",\"modernisation_platform_account_id\":\"946070829339\",\"modernisation_platform_organisation_unit_id\":\"ou-j1kx-qxsrh1gv\",\"ssm_resource_sync_bucket_name\":\"ssm-resource-sync-50974883831\",\"ssm_resource_sync_kms_arn\":\"arn:aws:kms:eu-west-2:245753150946:key/62460378-137f-4b77-9a62-2251569be5bc\"}",
            "version_id": "terraform-20240430093957184900000001",
            "version_stage": "AWSCURRENT",
            "version_stages": [
              "AWSCURRENT"
            ]
          },
          "sensitive_attributes": []
        }
      ]
    },
    {
      "mode": "data",
      "type": "aws_ssm_parameter",
      "name": "environment_management_arn",
      "provider": "provider[\"registry.terraform.io/hashicorp/aws\"].testing-ci-user",
      "instances": [
        {
          "schema_version": 0,
          "attributes": {
            "arn": "arn:aws:ssm:eu-west-2:836052629367:parameter/environment_management_arn",
            "id": "environment_management_arn",
            "insecure_value": "",
            "name": "environment_management_arn",
            "type": "SecureString",
            "value": "arn:aws:secretsmanager:eu-west-2:946070829339:secret:environment_management-BLRCDb",
            "version": 1,
            "with_decryption": true
          },
          "sensitive_attributes": []
        }
      ]
    },
    {
      "mode": "data",
      "type": "aws_subnet",
      "name": "private_subnets_a",
      "provider": "provider[\"registry.terraform.io/hashicorp/aws\"]",
      "instances": [
        {
          "schema_version": 0,
          "attributes": {
            "arn": "arn:aws:ec2:eu-west-2:794399914478:subnet/subnet-0e2a4d5f4b346c981",
            "assign_ipv6_address_on_creation": false,
            "availability_zone": "eu-west-2a",
            "availability_zone_id": "euw2-az2",
            "available_ip_address_count": 248,
            "cidr_block": "10.26.0.0/24",
            "customer_owned_ipv4_pool": "",
            "default_for_az": false,
            "enable_dns64": false,
            "enable_lni_at_device_index": 0,
            "enable_resource_name_dns_a_record_on_launch": false,
            "enable_resource_name_dns_aaaa_record_on_launch": false,
            "filter": [
              {
                "name": "tag:Name",
                "values": [
                  "*platforms-test-general-private-eu-west-2a*"
                ]
              }
            ],
            "id": "subnet-0e2a4d5f4b346c981",
            "ipv6_cidr_block": "",
            "ipv6_cidr_block_association_id": "",
            "ipv6_native": false,
            "map_customer_owned_ip_on_launch": false,
            "map_public_ip_on_launch": false,
            "outpost_arn": "",
            "owner_id": "794399914478",
            "private_dns_hostname_type_on_launch": "ip-name",
            "state": "available",
            "tags": {
              "Name": "platforms-test-general-private-eu-west-2a"
            },
            "timeouts": null,
            "vpc_id": "vpc-05900bb7e2e82391f"
          },
          "sensitive_attributes": []
        }
      ]
    },
    {
      "mode": "data",
      "type": "aws_vpc",
      "name": "shared",
      "provider": "provider[\"registry.terraform.io/hashicorp/aws\"]",
      "instances": [
        {
          "schema_version": 0,
          "attributes": {
            "arn": "arn:aws:ec2:eu-west-2:794399914478:vpc/vpc-05900bb7e2e82391f",
            "cidr_block": "10.26.0.0/21",
            "cidr_block_associations": [
              {
                "association_id": "vpc-cidr-assoc-049d08054bf7f04d6",
                "cidr_block": "10.26.0.0/21",
                "state": "associated"
              }
            ],
            "default": false,
            "dhcp_options_id": "dopt-f6d0ec9e",
            "enable_dns_hostnames": true,
            "enable_dns_support": true,
            "enable_network_address_usage_metrics": false,
            "filter": null,
            "id": "vpc-05900bb7e2e82391f",
            "instance_tenancy": "default",
            "ipv6_association_id": "",
            "ipv6_cidr_block": "",
            "main_route_table_id": "",
            "owner_id": "794399914478",
            "state": null,
            "tags": {
              "Name": "platforms-test"
            },
            "timeouts": null
          },
          "sensitive_attributes": []
        }
      ]
    },
    {
      "mode": "data",
      "type": "http",
      "name": "environments_file",
      "provider": "provider[\"registry.terraform.io/hashicorp/http\"]",
      "instances": [
        {
          "schema_version": 0,
          "attributes": {
            "body": "404: Not Found",
            "ca_cert_pem": null,
            "id": "https://raw.githubusercontent.com/ministryofjustice/modernisation-platform/main/environments/testing-test.json",
            "insecure": null,
            "method": null,
            "request_body": null,
            "request_headers": null,
            "request_timeout_ms": null,
            "response_body": "404: Not Found",
            "response_body_base64": "NDA0OiBOb3QgRm91bmQ=",
            "response_headers": {
              "Accept-Ranges": "bytes",
              "Access-Control-Allow-Origin": "*",
              "Content-Length": "14",
              "Content-Security-Policy": "default-src 'none'; style-src 'unsafe-inline'; sandbox",
              "Content-Type": "text/plain; charset=utf-8",
              "Cross-Origin-Resource-Policy": "cross-origin",
              "Date": "Wed, 01 May 2024 09:47:05 GMT",
              "Expires": "Wed, 01 May 2024 09:52:05 GMT",
              "Source-Age": "38",
              "Strict-Transport-Security": "max-age=31536000",
              "Vary": "Authorization,Accept-Encoding,Origin",
              "Via": "1.1 varnish",
              "X-Cache": "HIT",
              "X-Cache-Hits": "1",
              "X-Content-Type-Options": "nosniff",
              "X-Fastly-Request-Id": "0484c0edcd91f401f0d6e89d33aaac99048d4f0b",
              "X-Frame-Options": "deny",
              "X-Github-Request-Id": "55A4:2C513E:D3B0E:109181:66320F73",
              "X-Served-By": "cache-lhr7335-LHR",
              "X-Timer": "S1714556826.717155,VS0,VE1",
              "X-Xss-Protection": "1; mode=block"
            },
            "retry": null,
            "status_code": 404,
            "url": "https://raw.githubusercontent.com/ministryofjustice/modernisation-platform/main/environments/testing-test.json"
          },
          "sensitive_attributes": []
        }
      ]
    },
    {
      "mode": "managed",
      "type": "aws_iam_policy",
      "name": "ec2_test_common_policy",
      "provider": "provider[\"registry.terraform.io/hashicorp/aws\"]",
      "instances": [
        {
          "schema_version": 0,
          "attributes": {
            "arn": "arn:aws:iam::836052629367:policy/ec2-test-common-policy",
            "attachment_count": 0,
            "description": "Common policy for all ec2 instances",
            "id": "arn:aws:iam::836052629367:policy/ec2-test-common-policy",
            "name": "ec2-test-common-policy",
            "name_prefix": "",
            "path": "/",
            "policy": "{\"Statement\":[{\"Action\":\"ec2:*\",\"Effect\":\"Allow\",\"Resource\":\"*\",\"Sid\":\"CustomEc2Policy\"}],\"Version\":\"2012-10-17\"}",
            "policy_id": "ANPA4FKE6W533YDRPO5WG",
            "tags": {
              "Name": "ec2-common-policy",
              "component": "test"
            },
            "tags_all": {
              "Name": "ec2-common-policy",
              "component": "test"
            }
          },
          "sensitive_attributes": [],
          "private": "bnVsbA==",
          "dependencies": [
            "data.aws_iam_policy_document.ec2_test_common_combined",
            "data.aws_iam_policy_document.ec2_test_policy",
            "data.aws_secretsmanager_secret.environment_management",
            "data.aws_secretsmanager_secret_version.environment_management",
            "data.aws_ssm_parameter.environment_management_arn"
          ]
        }
      ]
    },
    {
      "mode": "managed",
      "type": "aws_key_pair",
      "name": "ec2-terratest-user",
      "provider": "provider[\"registry.terraform.io/hashicorp/aws\"]",
      "instances": [
        {
          "schema_version": 1,
          "attributes": {
            "arn": "arn:aws:ec2:eu-west-2:836052629367:key-pair/ec2-terratest-user",
            "fingerprint": "d7:ff:a6:63:18:64:9c:57:a1:ee:ca:a4:ad:c2:81:62",
            "id": "ec2-terratest-user",
            "key_name": "ec2-terratest-user",
            "key_name_prefix": "",
            "key_pair_id": "key-03891feb110a05a9f",
            "key_type": "rsa",
            "public_key": "ssh-rsa AAAAB3NzaC1yc2EAAAADAQABAAABAQD3F6tyPEFEzV0LX3X8BsXdMsQz1x2cEikKDEY0aIj41qgxMCP/iteneqXSIFZBp5vizPvaoIR3Um9xK7PGoW8giupGn+EPuxIA4cDM4vzOqOkiMPhz5XK0whEjkVzTo4+S0puvDZuwIsdiW9mxhJc7tgBNL0cYlWSYVkz4G/fslNfRPW5mYAM49f4fhtxPb5ok4Q2Lg9dPKVHO/Bgeu5woMc7RY0p1ej6D4CKFE6lymSDJpW0YHX/wqE9+cfEauh7xZcG0q9t2ta6F6fmX0agvpFyZo8aFbXeUBr7osSCJNgvavWbM/06niWrOvYX2xwWdhXmXSrbX8ZbabVohBK41 email@example.com",
            "tags": {
              "Name": "ec2-terratest-user",
              "component": "test"
            },
            "tags_all": {
              "Name": "ec2-terratest-user",
              "component": "test"
            }
          },
          "sensitive_attributes": [],
          "private": "eyJzY2hlbWFfdmVyc2lvbiI6IjEifQ==",
          "dependencies": [
            "data.aws_secretsmanager_secret.environment_management",
            "data.aws_secretsmanager_secret_version.environment_management",
            "data.aws_ssm_parameter.environment_management_arn"
          ]
        }
      ]
    },
    {
      "mode": "managed",
      "type": "aws_security_group",
      "name": "test",
      "provider": "provider[\"registry.terraform.io/hashicorp/aws\"]",
      "instances": [
        {
          "schema_version": 1,
          "attributes": {
            "arn": "arn:aws:ec2:eu-west-2:836052629367:security-group/sg-0603cbdc9e3e9558a",
            "description": "Test SG for Terratest",
            "egress": [
              {
                "cidr_blocks": [
                  "0.0.0.0/0"
                ],
                "description": "Test SG for Terratest",
                "from_port": 0,
                "ipv6_cidr_blocks": [
                  "::/0"
                ],
                "prefix_list_ids": [],
                "protocol": "-1",
                "security_groups": [],
                "self": false,
                "to_port": 0
              }
            ],
            "id": "sg-0603cbdc9e3e9558a",
            "ingress": [
              {
                "cidr_blocks": [
                  "0.0.0.0/0"
                ],
                "description": "Test SG for Terratest",
                "from_port": 0,
                "ipv6_cidr_blocks": [
                  "::/0"
                ],
                "prefix_list_ids": [],
                "protocol": "tcp",
                "security_groups": [],
                "self": false,
                "to_port": 6000
              }
            ],
            "name": "Terratest-SG",
            "name_prefix": "",
            "owner_id": "836052629367",
            "revoke_rules_on_delete": false,
            "tags": {
              "Name": "test"
            },
            "tags_all": {
              "Name": "test"
            },
            "timeouts": null,
            "vpc_id": "vpc-05900bb7e2e82391f"
          },
          "sensitive_attributes": [],
          "private": "eyJlMmJmYjczMC1lY2FhLTExZTYtOGY4OC0zNDM2M2JjN2M0YzAiOnsiY3JlYXRlIjo2MDAwMDAwMDAwMDAsImRlbGV0ZSI6OTAwMDAwMDAwMDAwfSwic2NoZW1hX3ZlcnNpb24iOiIxIn0=",
          "dependencies": [
            "data.aws_secretsmanager_secret.environment_management",
            "data.aws_secretsmanager_secret_version.environment_management",
            "data.aws_ssm_parameter.environment_management_arn",
            "data.aws_vpc.shared"
          ]
        }
      ]
    },
    {
      "module": "module.ec2_test_autoscaling_group[\"dev-redhat-rhel610\"]",
      "mode": "data",
      "type": "aws_ami",
      "name": "this",
      "provider": "provider[\"registry.terraform.io/hashicorp/aws\"]",
      "instances": [
        {
          "schema_version": 0,
          "attributes": {
            "architecture": "x86_64",
            "arn": "arn:aws:ec2:eu-west-2::image/ami-0c2f9865057c3dfe1",
            "block_device_mappings": [
              {
                "device_name": "/dev/sda1",
                "ebs": {
                  "delete_on_termination": "true",
                  "encrypted": "false",
                  "iops": "0",
                  "snapshot_id": "snap-0e050cc8dd8e14d3f",
                  "throughput": "0",
                  "volume_size": "10",
                  "volume_type": "gp2"
                },
                "no_device": "",
                "virtual_name": ""
              }
            ],
            "boot_mode": "",
            "creation_date": "2022-10-27T20:10:25.000Z",
            "deprecation_time": "2024-10-27T20:10:25.000Z",
            "description": "Provided by Red Hat, Inc.",
            "ena_support": true,
            "executable_users": null,
            "filter": [
              {
                "name": "name",
                "values": [
                  "RHEL-7.9_HVM-*"
                ]
              },
              {
                "name": "virtualization-type",
                "values": [
                  "hvm"
                ]
              }
            ],
            "hypervisor": "xen",
            "id": "ami-0c2f9865057c3dfe1",
            "image_id": "ami-0c2f9865057c3dfe1",
            "image_location": "amazon/RHEL-7.9_HVM-20221027-x86_64-0-Hourly2-GP2",
            "image_owner_alias": "amazon",
            "image_type": "machine",
            "imds_support": "",
            "include_deprecated": false,
            "kernel_id": "",
            "most_recent": true,
            "name": "RHEL-7.9_HVM-20221027-x86_64-0-Hourly2-GP2",
            "name_regex": null,
            "owner_id": "309956199498",
            "owners": [
              "309956199498"
            ],
            "platform": "",
            "platform_details": "Red Hat Enterprise Linux",
            "product_codes": [],
            "public": true,
            "ramdisk_id": "",
            "root_device_name": "/dev/sda1",
            "root_device_type": "ebs",
            "root_snapshot_id": "snap-0e050cc8dd8e14d3f",
            "sriov_net_support": "simple",
            "state": "available",
            "state_reason": {
              "code": "UNSET",
              "message": "UNSET"
            },
            "tags": {},
            "timeouts": null,
            "tpm_support": "",
            "usage_operation": "RunInstances:0010",
            "virtualization_type": "hvm"
          },
          "sensitive_attributes": []
        }
      ]
    },
    {
      "module": "module.ec2_test_autoscaling_group[\"dev-redhat-rhel610\"]",
      "mode": "data",
      "type": "aws_caller_identity",
      "name": "current",
      "provider": "provider[\"registry.terraform.io/hashicorp/aws\"]",
      "instances": [
        {
          "schema_version": 0,
          "attributes": {
            "account_id": "836052629367",
            "arn": "arn:aws:sts::836052629367:assumed-role/MemberInfrastructureAccess/aws-go-sdk-1714556826334795000",
            "id": "836052629367",
            "user_id": "AROA4FKE6W53RB3YKOOUG:aws-go-sdk-1714556826334795000"
          },
          "sensitive_attributes": []
        }
      ]
    },
    {
      "module": "module.ec2_test_autoscaling_group[\"dev-redhat-rhel610\"]",
      "mode": "data",
      "type": "aws_ec2_instance_type",
      "name": "this",
      "provider": "provider[\"registry.terraform.io/hashicorp/aws\"]",
      "instances": [
        {
          "schema_version": 0,
          "attributes": {
            "auto_recovery_supported": true,
            "bare_metal": false,
            "burstable_performance_supported": true,
            "current_generation": true,
            "dedicated_hosts_supported": false,
            "default_cores": 2,
            "default_threads_per_core": 1,
            "default_vcpus": 2,
            "ebs_encryption_support": "supported",
            "ebs_nvme_support": "unsupported",
            "ebs_optimized_support": "unsupported",
            "ebs_performance_baseline_bandwidth": null,
            "ebs_performance_baseline_iops": null,
            "ebs_performance_baseline_throughput": null,
            "ebs_performance_maximum_bandwidth": null,
            "ebs_performance_maximum_iops": null,
            "ebs_performance_maximum_throughput": null,
            "efa_supported": false,
            "ena_support": "unsupported",
            "encryption_in_transit_supported": false,
            "fpgas": [],
            "free_tier_eligible": false,
            "gpus": [],
            "hibernation_supported": true,
            "hypervisor": "xen",
            "id": "t2.medium",
            "inference_accelerators": [],
            "instance_disks": [],
            "instance_storage_supported": false,
            "instance_type": "t2.medium",
            "ipv6_supported": true,
            "maximum_ipv4_addresses_per_interface": 6,
            "maximum_ipv6_addresses_per_interface": 6,
            "maximum_network_cards": 1,
            "maximum_network_interfaces": 3,
            "memory_size": 4096,
            "network_performance": "Low to Moderate",
            "supported_architectures": [
              "i386",
              "x86_64"
            ],
            "supported_placement_strategies": [
              "partition",
              "spread"
            ],
            "supported_root_device_types": [
              "ebs"
            ],
            "supported_usages_classes": [
              "on-demand",
              "spot"
            ],
            "supported_virtualization_types": [
              "hvm"
            ],
            "sustained_clock_speed": 2.3,
            "timeouts": null,
            "total_fpga_memory": null,
            "total_gpu_memory": null,
            "total_instance_storage": null,
            "valid_cores": [],
            "valid_threads_per_core": []
          },
          "sensitive_attributes": []
        }
      ]
    },
    {
      "module": "module.ec2_test_autoscaling_group[\"dev-redhat-rhel610\"]",
      "mode": "data",
      "type": "aws_iam_policy_document",
      "name": "lifecycle_hooks",
      "provider": "provider[\"registry.terraform.io/hashicorp/aws\"]",
      "instances": [
        {
          "schema_version": 0,
          "attributes": {
            "id": "2132998367",
            "json": "{\n  \"Version\": \"2012-10-17\",\n  \"Statement\": [\n    {\n      \"Sid\": \"TriggerInstanceLifecycleHooks\",\n      \"Effect\": \"Allow\",\n      \"Action\": \"autoscaling:CompleteLifecycleAction\",\n      \"Resource\": \"arn:aws:autoscaling:eu-west-2:836052629367:autoScalingGroup:*:autoScalingGroupName/dev-redhat-rhel610\"\n    }\n  ]\n}",
            "override_json": null,
            "override_policy_documents": null,
            "policy_id": null,
            "source_json": null,
            "source_policy_documents": null,
            "statement": [
              {
                "actions": [
                  "autoscaling:CompleteLifecycleAction"
                ],
                "condition": [],
                "effect": "Allow",
                "not_actions": [],
                "not_principals": [],
                "not_resources": [],
                "principals": [],
                "resources": [
                  "arn:aws:autoscaling:eu-west-2:836052629367:autoScalingGroup:*:autoScalingGroupName/dev-redhat-rhel610"
                ],
                "sid": "TriggerInstanceLifecycleHooks"
              }
            ],
            "version": "2012-10-17"
          },
          "sensitive_attributes": []
        }
      ]
    },
    {
      "module": "module.ec2_test_autoscaling_group[\"dev-redhat-rhel610\"]",
      "mode": "managed",
      "type": "aws_autoscaling_group",
      "name": "this",
      "provider": "provider[\"registry.terraform.io/hashicorp/aws\"]",
      "instances": [
        {
          "schema_version": 1,
          "attributes": {
            "arn": "arn:aws:autoscaling:eu-west-2:836052629367:autoScalingGroup:724021f2-8b52-4c1b-bcf7-6901d902f167:autoScalingGroupName/dev-redhat-rhel610",
            "availability_zones": [
              "eu-west-2a"
            ],
            "capacity_rebalance": false,
            "context": "",
            "default_cooldown": 300,
            "default_instance_warmup": 0,
            "desired_capacity": 0,
            "desired_capacity_type": "",
            "enabled_metrics": null,
            "force_delete": false,
            "force_delete_warm_pool": false,
            "health_check_grace_period": 300,
            "health_check_type": "EC2",
            "id": "dev-redhat-rhel610",
            "ignore_failed_scaling_activities": false,
            "initial_lifecycle_hook": [],
            "instance_maintenance_policy": [],
            "instance_refresh": [],
            "launch_configuration": "",
            "launch_template": [
              {
                "id": "lt-0973f49e76f56cc14",
                "name": "dev-redhat-rhel610",
                "version": "$Default"
              }
            ],
            "load_balancers": [],
            "max_instance_lifetime": 0,
            "max_size": 2,
            "metrics_granularity": "1Minute",
            "min_elb_capacity": null,
            "min_size": 0,
            "mixed_instances_policy": [],
            "name": "dev-redhat-rhel610",
            "name_prefix": "",
            "placement_group": "",
            "predicted_capacity": 0,
            "protect_from_scale_in": false,
            "service_linked_role_arn": "arn:aws:iam::836052629367:role/aws-service-role/autoscaling.amazonaws.com/AWSServiceRoleForAutoScaling",
            "suspended_processes": null,
            "tag": [
              {
                "key": "Name",
                "propagate_at_launch": true,
                "value": "dev-redhat-rhel610"
              },
              {
                "key": "component",
                "propagate_at_launch": true,
                "value": "test"
              },
              {
                "key": "description",
                "propagate_at_launch": true,
                "value": "For testing official RedHat RHEL6.10 image"
              },
              {
                "key": "monitored",
                "propagate_at_launch": true,
                "value": "false"
              },
              {
                "key": "os-type",
                "propagate_at_launch": true,
                "value": "Linux"
              },
              {
                "key": "server-name",
                "propagate_at_launch": true,
                "value": "dev-redhat-rhel610"
              },
              {
                "key": "ssm-parameters-prefix",
                "propagate_at_launch": true,
                "value": "test/"
              }
            ],
            "target_group_arns": [],
            "termination_policies": null,
            "timeouts": null,
            "traffic_source": [],
            "vpc_zone_identifier": [
              "subnet-0e2a4d5f4b346c981"
            ],
            "wait_for_capacity_timeout": "10m",
            "wait_for_elb_capacity": null,
            "warm_pool": [],
            "warm_pool_size": 0
          },
          "sensitive_attributes": [],
          "private": "eyJlMmJmYjczMC1lY2FhLTExZTYtOGY4OC0zNDM2M2JjN2M0YzAiOnsiZGVsZXRlIjo2MDAwMDAwMDAwMDAsInVwZGF0ZSI6NjAwMDAwMDAwMDAwfSwic2NoZW1hX3ZlcnNpb24iOiIxIn0=",
          "dependencies": [
            "aws_iam_policy.ec2_test_common_policy",
            "aws_key_pair.ec2-terratest-user",
            "aws_security_group.test",
            "data.aws_iam_policy_document.ec2_test_common_combined",
            "data.aws_iam_policy_document.ec2_test_policy",
            "data.aws_kms_key.default_ebs",
            "data.aws_secretsmanager_secret.environment_management",
            "data.aws_secretsmanager_secret_version.environment_management",
            "data.aws_ssm_parameter.environment_management_arn",
            "data.aws_subnet.private_subnets_a",
            "data.aws_vpc.shared",
            "module.ec2_test_autoscaling_group.aws_iam_instance_profile.this",
            "module.ec2_test_autoscaling_group.aws_iam_role.this",
            "module.ec2_test_autoscaling_group.aws_launch_template.this",
            "module.ec2_test_autoscaling_group.aws_lb_target_group.this",
            "module.ec2_test_autoscaling_group.aws_ssm_parameter.placeholder",
            "module.ec2_test_autoscaling_group.aws_ssm_parameter.this",
            "module.ec2_test_autoscaling_group.data.aws_ami.this",
            "module.ec2_test_autoscaling_group.data.aws_ec2_instance_type.this",
            "module.ec2_test_autoscaling_group.data.cloudinit_config.this",
            "module.ec2_test_autoscaling_group.random_password.this"
          ]
        }
      ]
    },
    {
      "module": "module.ec2_test_autoscaling_group[\"dev-redhat-rhel610\"]",
      "mode": "managed",
      "type": "aws_autoscaling_schedule",
      "name": "this",
      "provider": "provider[\"registry.terraform.io/hashicorp/aws\"]",
      "instances": [
        {
          "index_key": "scale_down",
          "schema_version": 0,
          "attributes": {
            "arn": "arn:aws:autoscaling:eu-west-2:836052629367:scheduledUpdateGroupAction:6cb473db-9014-420d-a946-daf4d154a443:autoScalingGroupName/dev-redhat-rhel610:scheduledActionName/dev-redhat-rhel610-scale_down",
            "autoscaling_group_name": "dev-redhat-rhel610",
            "desired_capacity": 0,
            "end_time": null,
            "id": "dev-redhat-rhel610-scale_down",
            "max_size": 2,
            "min_size": 0,
            "recurrence": "0 19 * * Mon-Fri",
            "scheduled_action_name": "dev-redhat-rhel610-scale_down",
            "start_time": "2024-05-01T19:00:00Z",
            "time_zone": ""
          },
          "sensitive_attributes": [],
          "private": "bnVsbA==",
          "dependencies": [
            "aws_iam_policy.ec2_test_common_policy",
            "aws_key_pair.ec2-terratest-user",
            "aws_security_group.test",
            "data.aws_iam_policy_document.ec2_test_common_combined",
            "data.aws_iam_policy_document.ec2_test_policy",
            "data.aws_kms_key.default_ebs",
            "data.aws_secretsmanager_secret.environment_management",
            "data.aws_secretsmanager_secret_version.environment_management",
            "data.aws_ssm_parameter.environment_management_arn",
            "data.aws_subnet.private_subnets_a",
            "data.aws_vpc.shared",
            "module.ec2_test_autoscaling_group.aws_autoscaling_group.this",
            "module.ec2_test_autoscaling_group.aws_iam_instance_profile.this",
            "module.ec2_test_autoscaling_group.aws_iam_role.this",
            "module.ec2_test_autoscaling_group.aws_launch_template.this",
            "module.ec2_test_autoscaling_group.aws_lb_target_group.this",
            "module.ec2_test_autoscaling_group.aws_ssm_parameter.placeholder",
            "module.ec2_test_autoscaling_group.aws_ssm_parameter.this",
            "module.ec2_test_autoscaling_group.data.aws_ami.this",
            "module.ec2_test_autoscaling_group.data.aws_ec2_instance_type.this",
            "module.ec2_test_autoscaling_group.data.cloudinit_config.this",
            "module.ec2_test_autoscaling_group.random_password.this"
          ]
        },
        {
          "index_key": "scale_up",
          "schema_version": 0,
          "attributes": {
            "arn": "arn:aws:autoscaling:eu-west-2:836052629367:scheduledUpdateGroupAction:613aae5d-8d65-4575-a357-7e0836224eb6:autoScalingGroupName/dev-redhat-rhel610:scheduledActionName/dev-redhat-rhel610-scale_up",
            "autoscaling_group_name": "dev-redhat-rhel610",
            "desired_capacity": 0,
            "end_time": null,
            "id": "dev-redhat-rhel610-scale_up",
            "max_size": 2,
            "min_size": 0,
            "recurrence": "0 7 * * Mon-Fri",
            "scheduled_action_name": "dev-redhat-rhel610-scale_up",
            "start_time": "2024-05-02T07:00:00Z",
            "time_zone": ""
          },
          "sensitive_attributes": [],
          "private": "bnVsbA==",
          "dependencies": [
            "aws_iam_policy.ec2_test_common_policy",
            "aws_key_pair.ec2-terratest-user",
            "aws_security_group.test",
            "data.aws_iam_policy_document.ec2_test_common_combined",
            "data.aws_iam_policy_document.ec2_test_policy",
            "data.aws_kms_key.default_ebs",
            "data.aws_secretsmanager_secret.environment_management",
            "data.aws_secretsmanager_secret_version.environment_management",
            "data.aws_ssm_parameter.environment_management_arn",
            "data.aws_subnet.private_subnets_a",
            "data.aws_vpc.shared",
            "module.ec2_test_autoscaling_group.aws_autoscaling_group.this",
            "module.ec2_test_autoscaling_group.aws_iam_instance_profile.this",
            "module.ec2_test_autoscaling_group.aws_iam_role.this",
            "module.ec2_test_autoscaling_group.aws_launch_template.this",
            "module.ec2_test_autoscaling_group.aws_lb_target_group.this",
            "module.ec2_test_autoscaling_group.aws_ssm_parameter.placeholder",
            "module.ec2_test_autoscaling_group.aws_ssm_parameter.this",
            "module.ec2_test_autoscaling_group.data.aws_ami.this",
            "module.ec2_test_autoscaling_group.data.aws_ec2_instance_type.this",
            "module.ec2_test_autoscaling_group.data.cloudinit_config.this",
            "module.ec2_test_autoscaling_group.random_password.this"
          ]
        }
      ]
    },
    {
      "module": "module.ec2_test_autoscaling_group[\"dev-redhat-rhel610\"]",
      "mode": "managed",
      "type": "aws_iam_instance_profile",
      "name": "this",
      "provider": "provider[\"registry.terraform.io/hashicorp/aws\"]",
      "instances": [
        {
          "schema_version": 0,
          "attributes": {
            "arn": "arn:aws:iam::836052629367:instance-profile/ec2-test-asg-profile-dev-redhat-rhel610",
            "create_date": "2024-05-01T09:47:11Z",
            "id": "ec2-test-asg-profile-dev-redhat-rhel610",
            "name": "ec2-test-asg-profile-dev-redhat-rhel610",
            "name_prefix": "",
            "path": "/",
            "role": "ec2-test-asg-role-dev-redhat-rhel610",
            "tags": null,
            "tags_all": {},
            "unique_id": "AIPA4FKE6W53XVTGNGEEQ"
          },
          "sensitive_attributes": [],
          "private": "bnVsbA==",
          "dependencies": [
            "aws_iam_policy.ec2_test_common_policy",
            "aws_key_pair.ec2-terratest-user",
            "aws_security_group.test",
            "data.aws_iam_policy_document.ec2_test_common_combined",
            "data.aws_iam_policy_document.ec2_test_policy",
            "data.aws_kms_key.default_ebs",
            "data.aws_secretsmanager_secret.environment_management",
            "data.aws_secretsmanager_secret_version.environment_management",
            "data.aws_ssm_parameter.environment_management_arn",
            "data.aws_vpc.shared",
            "module.ec2_test_autoscaling_group.aws_iam_role.this"
          ]
        }
      ]
    },
    {
      "module": "module.ec2_test_autoscaling_group[\"dev-redhat-rhel610\"]",
      "mode": "managed",
      "type": "aws_iam_role",
      "name": "this",
      "provider": "provider[\"registry.terraform.io/hashicorp/aws\"]",
      "instances": [
        {
          "schema_version": 0,
          "attributes": {
            "arn": "arn:aws:iam::836052629367:role/ec2-test-asg-role-dev-redhat-rhel610",
            "assume_role_policy": "{\"Statement\":[{\"Action\":\"sts:AssumeRole\",\"Condition\":{},\"Effect\":\"Allow\",\"Principal\":{\"Service\":\"ec2.amazonaws.com\"}}],\"Version\":\"2012-10-17\"}",
            "create_date": "2024-05-01T09:47:10Z",
            "description": "",
            "force_detach_policies": false,
            "id": "ec2-test-asg-role-dev-redhat-rhel610",
            "inline_policy": [],
            "managed_policy_arns": [
              "arn:aws:iam::836052629367:policy/ec2-test-common-policy"
            ],
            "max_session_duration": 3600,
            "name": "ec2-test-asg-role-dev-redhat-rhel610",
            "name_prefix": "",
            "path": "/",
            "permissions_boundary": "",
            "tags": {
              "Name": "ec2-test-asg-role-dev-redhat-rhel610",
              "component": "test",
              "description": "For testing official RedHat RHEL6.10 image",
              "monitored": "false",
              "os-type": "Linux",
              "server-name": "dev-redhat-rhel610",
              "ssm-parameters-prefix": "test/"
            },
            "tags_all": {
              "Name": "ec2-test-asg-role-dev-redhat-rhel610",
              "component": "test",
              "description": "For testing official RedHat RHEL6.10 image",
              "monitored": "false",
              "os-type": "Linux",
              "server-name": "dev-redhat-rhel610",
              "ssm-parameters-prefix": "test/"
            },
            "unique_id": "AROA4FKE6W53T6ILLIW4Z"
          },
          "sensitive_attributes": [],
          "private": "bnVsbA==",
          "dependencies": [
            "aws_iam_policy.ec2_test_common_policy",
            "aws_key_pair.ec2-terratest-user",
            "aws_security_group.test",
            "data.aws_iam_policy_document.ec2_test_common_combined",
            "data.aws_iam_policy_document.ec2_test_policy",
            "data.aws_kms_key.default_ebs",
            "data.aws_secretsmanager_secret.environment_management",
            "data.aws_secretsmanager_secret_version.environment_management",
            "data.aws_ssm_parameter.environment_management_arn",
            "data.aws_vpc.shared"
          ]
        }
      ]
    },
    {
      "module": "module.ec2_test_autoscaling_group[\"dev-redhat-rhel610\"]",
      "mode": "managed",
      "type": "aws_launch_template",
      "name": "this",
      "provider": "provider[\"registry.terraform.io/hashicorp/aws\"]",
      "instances": [
        {
          "schema_version": 0,
          "attributes": {
            "arn": "arn:aws:ec2:eu-west-2:836052629367:launch-template/lt-0973f49e76f56cc14",
            "block_device_mappings": [
              {
                "device_name": "/dev/sda1",
                "ebs": [
                  {
                    "delete_on_termination": "true",
                    "encrypted": "true",
                    "iops": 0,
                    "kms_key_id": "",
                    "snapshot_id": "",
                    "throughput": 0,
                    "volume_size": 10,
                    "volume_type": "gp2"
                  }
                ],
                "no_device": "",
                "virtual_name": ""
              }
            ],
            "capacity_reservation_specification": [],
            "cpu_options": [],
            "credit_specification": [],
            "default_version": 1,
            "description": "",
            "disable_api_stop": false,
            "disable_api_termination": false,
            "ebs_optimized": "false",
            "elastic_gpu_specifications": [],
            "elastic_inference_accelerator": [],
            "enclave_options": [],
            "hibernation_options": [],
            "iam_instance_profile": [
              {
                "arn": "arn:aws:iam::836052629367:instance-profile/ec2-test-asg-profile-dev-redhat-rhel610",
                "name": ""
              }
            ],
            "id": "lt-0973f49e76f56cc14",
            "image_id": "ami-0c2f9865057c3dfe1",
            "instance_initiated_shutdown_behavior": "terminate",
            "instance_market_options": [],
            "instance_requirements": [],
            "instance_type": "t2.medium",
            "kernel_id": "",
            "key_name": "ec2-terratest-user",
            "latest_version": 1,
            "license_specification": [],
            "maintenance_options": [],
            "metadata_options": [
              {
                "http_endpoint": "enabled",
                "http_protocol_ipv6": "",
                "http_put_response_hop_limit": 0,
                "http_tokens": "optional",
                "instance_metadata_tags": ""
              }
            ],
            "monitoring": [
              {
                "enabled": false
              }
            ],
            "name": "dev-redhat-rhel610",
            "name_prefix": "",
            "network_interfaces": [
              {
                "associate_carrier_ip_address": "",
                "associate_public_ip_address": "false",
                "delete_on_termination": "true",
                "description": "",
                "device_index": 0,
                "interface_type": "",
                "ipv4_address_count": 0,
                "ipv4_addresses": null,
                "ipv4_prefix_count": 0,
                "ipv4_prefixes": null,
                "ipv6_address_count": 0,
                "ipv6_addresses": null,
                "ipv6_prefix_count": 0,
                "ipv6_prefixes": null,
                "network_card_index": 0,
                "network_interface_id": "",
                "private_ip_address": "",
                "security_groups": [
                  "sg-0603cbdc9e3e9558a"
                ],
                "subnet_id": ""
              }
            ],
            "placement": [],
            "private_dns_name_options": [],
            "ram_disk_id": "",
            "security_group_names": null,
            "tag_specifications": [
              {
                "resource_type": "instance",
                "tags": {
                  "Name": "dev-redhat-rhel610",
                  "component": "test",
                  "description": "For testing official RedHat RHEL6.10 image",
                  "monitored": "false",
                  "os-type": "Linux",
                  "server-name": "dev-redhat-rhel610",
                  "ssm-parameters-prefix": "test/"
                }
              },
              {
                "resource_type": "volume",
                "tags": {
                  "Name": "dev-redhat-rhel610-volume",
                  "component": "test",
                  "description": "For testing official RedHat RHEL6.10 image",
                  "monitored": "false",
                  "os-type": "Linux",
                  "server-name": "dev-redhat-rhel610",
                  "ssm-parameters-prefix": "test/"
                }
              }
            ],
            "tags": null,
            "tags_all": {},
            "update_default_version": true,
            "user_data": "",
            "vpc_security_group_ids": null
          },
          "sensitive_attributes": [],
          "private": "bnVsbA==",
          "dependencies": [
            "aws_iam_policy.ec2_test_common_policy",
            "aws_key_pair.ec2-terratest-user",
            "aws_security_group.test",
            "data.aws_iam_policy_document.ec2_test_common_combined",
            "data.aws_iam_policy_document.ec2_test_policy",
            "data.aws_kms_key.default_ebs",
            "data.aws_secretsmanager_secret.environment_management",
            "data.aws_secretsmanager_secret_version.environment_management",
            "data.aws_ssm_parameter.environment_management_arn",
            "data.aws_vpc.shared",
            "module.ec2_test_autoscaling_group.aws_iam_instance_profile.this",
            "module.ec2_test_autoscaling_group.aws_iam_role.this",
            "module.ec2_test_autoscaling_group.aws_ssm_parameter.placeholder",
            "module.ec2_test_autoscaling_group.aws_ssm_parameter.this",
            "module.ec2_test_autoscaling_group.data.aws_ami.this",
            "module.ec2_test_autoscaling_group.data.aws_ec2_instance_type.this",
            "module.ec2_test_autoscaling_group.data.cloudinit_config.this",
            "module.ec2_test_autoscaling_group.random_password.this"
          ]
        }
      ]
    }
  ],
  "check_results": [
    {
      "object_kind": "var",
      "config_addr": "module.ec2_test_autoscaling_group.var.application_name",
      "status": "unknown",
      "objects": [
        {
          "object_addr": "module.ec2_test_autoscaling_group[\"dev-redhat-rhel610\"].var.application_name",
          "status": "unknown"
        }
      ]
    }
  ]
}
